
Microsoft Visual Studio Solution File, Format Version 12.00
# Visual Studio Version 17
VisualStudioVersion = 17.10.34607.79
MinimumVisualStudioVersion = 10.0.40219.1
Project("{9A19103F-16F7-4668-BE54-9A1E7A4F7556}") = "Wpf_Window_Styles", "Wpf_Window_Styles.csproj", "{B60A8F76-F128-4622-8EB5-B2E1558CAFF1}"
EndProject
Project("{FAE04EC0-301F-11D3-BF4B-00C04F79EFBC}") = "Wpf_RemoveTitleBar", "..\Wpf_RemoveTitleBar\Wpf_RemoveTitleBar.csproj", "{1B9E8EFF-BA01-4CC9-8BE1-7D9D704E86D7}"
EndProject
Global
	GlobalSection(SolutionConfigurationPlatforms) = preSolution
		Debug|Any CPU = Debug|Any CPU
		Release|Any CPU = Release|Any CPU
	EndGlobalSection
	GlobalSection(ProjectConfigurationPlatforms) = postSolution
		{B60A8F76-F128-4622-8EB5-B2E1558CAFF1}.Debug|Any CPU.ActiveCfg = Debug|Any CPU
		{B60A8F76-F128-4622-8EB5-B2E1558CAFF1}.Debug|Any CPU.Build.0 = Debug|Any CPU
		{B60A8F76-F128-4622-8EB5-B2E1558CAFF1}.Release|Any CPU.ActiveCfg = Release|Any CPU
		{B60A8F76-F128-4622-8EB5-B2E1558CAFF1}.Release|Any CPU.Build.0 = Release|Any CPU
		{1B9E8EFF-BA01-4CC9-8BE1-7D9D704E86D7}.Debug|Any CPU.ActiveCfg = Debug|Any CPU
		{1B9E8EFF-BA01-4CC9-8BE1-7D9D704E86D7}.Debug|Any CPU.Build.0 = Debug|Any CPU
		{1B9E8EFF-BA01-4CC9-8BE1-7D9D704E86D7}.Release|Any CPU.ActiveCfg = Release|Any CPU
		{1B9E8EFF-BA01-4CC9-8BE1-7D9D704E86D7}.Release|Any CPU.Build.0 = Release|Any CPU
	EndGlobalSection
	GlobalSection(SolutionProperties) = preSolution
		HideSolutionNode = FALSE
	EndGlobalSection
	GlobalSection(ExtensibilityGlobals) = postSolution
		SolutionGuid = {46BED8D3-C922-4131-9076-5C2835D0F3CB}
	EndGlobalSection
EndGlobal
